// !$*UTF8*$!
{
	archiveVersion = 1;
	classes = {
	};
	objectVersion = 48;
	objects = {

/* Begin PBXBuildFile section */
		B949B3E41FDE91A600145BBC /* AppDelegate.swift in Sources */ = {isa = PBXBuildFile; fileRef = B949B3E31FDE91A600145BBC /* AppDelegate.swift */; };
		B949B3E61FDE91A600145BBC /* ViewController.swift in Sources */ = {isa = PBXBuildFile; fileRef = B949B3E51FDE91A600145BBC /* ViewController.swift */; };
		B949B3E91FDE91A600145BBC /* Main.storyboard in Resources */ = {isa = PBXBuildFile; fileRef = B949B3E71FDE91A600145BBC /* Main.storyboard */; };
		B949B3EB1FDE91A600145BBC /* Assets.xcassets in Resources */ = {isa = PBXBuildFile; fileRef = B949B3EA1FDE91A600145BBC /* Assets.xcassets */; };
		B949B3EE1FDE91A600145BBC /* LaunchScreen.storyboard in Resources */ = {isa = PBXBuildFile; fileRef = B949B3EC1FDE91A600145BBC /* LaunchScreen.storyboard */; };
		B949B3F61FDE91DA00145BBC /* AlertViewManager.swift in Sources */ = {isa = PBXBuildFile; fileRef = B949B3F51FDE91DA00145BBC /* AlertViewManager.swift */; };
/* End PBXBuildFile section */

/* Begin PBXFileReference section */
		B949B3E01FDE91A600145BBC /* AlertViewManager.app */ = {isa = PBXFileReference; explicitFileType = wrapper.application; includeInIndex = 0; path = AlertViewManager.app; sourceTree = BUILT_PRODUCTS_DIR; };
		B949B3E31FDE91A600145BBC /* AppDelegate.swift */ = {isa = PBXFileReference; lastKnownFileType = sourcecode.swift; path = AppDelegate.swift; sourceTree = "<group>"; };
		B949B3E51FDE91A600145BBC /* ViewController.swift */ = {isa = PBXFileReference; lastKnownFileType = sourcecode.swift; path = ViewController.swift; sourceTree = "<group>"; };
		B949B3E81FDE91A600145BBC /* Base */ = {isa = PBXFileReference; lastKnownFileType = file.storyboard; name = Base; path = Base.lproj/Main.storyboard; sourceTree = "<group>"; };
		B949B3EA1FDE91A600145BBC /* Assets.xcassets */ = {isa = PBXFileReference; lastKnownFileType = folder.assetcatalog; path = Assets.xcassets; sourceTree = "<group>"; };
		B949B3ED1FDE91A600145BBC /* Base */ = {isa = PBXFileReference; lastKnownFileType = file.storyboard; name = Base; path = Base.lproj/LaunchScreen.storyboard; sourceTree = "<group>"; };
		B949B3EF1FDE91A600145BBC /* Info.plist */ = {isa = PBXFileReference; lastKnownFileType = text.plist.xml; path = Info.plist; sourceTree = "<group>"; };
		B949B3F51FDE91DA00145BBC /* AlertViewManager.swift */ = {isa = PBXFileReference; fileEncoding = 4; lastKnownFileType = sourcecode.swift; path = AlertViewManager.swift; sourceTree = "<group>"; };
/* End PBXFileReference section */

/* Begin PBXFrameworksBuildPhase section */
		B949B3DD1FDE91A600145BBC /* Frameworks */ = {
			isa = PBXFrameworksBuildPhase;
			buildActionMask = 2147483647;
			files = (
			);
			runOnlyForDeploymentPostprocessing = 0;
		};
/* End PBXFrameworksBuildPhase section */

/* Begin PBXGroup section */
		B949B3D71FDE91A500145BBC = {
			isa = PBXGroup;
			children = (
				B949B3E21FDE91A600145BBC /* AlertViewManager */,
				B949B3E11FDE91A600145BBC /* Products */,
			);
			sourceTree = "<group>";
		};
		B949B3E11FDE91A600145BBC /* Products */ = {
			isa = PBXGroup;
			children = (
				B949B3E01FDE91A600145BBC /* AlertViewManager.app */,
			);
			name = Products;
			sourceTree = "<group>";
		};
		B949B3E21FDE91A600145BBC /* AlertViewManager */ = {
			isa = PBXGroup;
			children = (
				B949B3E31FDE91A600145BBC /* AppDelegate.swift */,
				B949B3F51FDE91DA00145BBC /* AlertViewManager.swift */,
				B949B3E51FDE91A600145BBC /* ViewController.swift */,
				B949B3E71FDE91A600145BBC /* Main.storyboard */,
				B949B3EA1FDE91A600145BBC /* Assets.xcassets */,
				B949B3EC1FDE91A600145BBC /* LaunchScreen.storyboard */,
				B949B3EF1FDE91A600145BBC /* Info.plist */,
			);
			path = AlertViewManager;
			sourceTree = "<group>";
		};
/* End PBXGroup section */

/* Begin PBXNativeTarget section */
		B949B3DF1FDE91A600145BBC /* AlertViewManager */ = {
			isa = PBXNativeTarget;
			buildConfigurationList = B949B3F21FDE91A600145BBC /* Build configuration list for PBXNativeTarget "AlertViewManager" */;
			buildPhases = (
				B949B3DC1FDE91A600145BBC /* Sources */,
				B949B3DD1FDE91A600145BBC /* Frameworks */,
				B949B3DE1FDE91A600145BBC /* Resources */,
			);
			buildRules = (
			);
			dependencies = (
			);
			name = AlertViewManager;
			productName = AlertViewManager;
			productReference = B949B3E01FDE91A600145BBC /* AlertViewManager.app */;
			productType = "com.apple.product-type.application";
		};
/* End PBXNativeTarget section */

/* Begin PBXProject section */
		B949B3D81FDE91A500145BBC /* Project object */ = {
			isa = PBXProject;
			attributes = {
				LastSwiftUpdateCheck = 0910;
				LastUpgradeCheck = 0910;
				ORGANIZATIONNAME = "Appa Rao Mulpuri";
				TargetAttributes = {
					B949B3DF1FDE91A600145BBC = {
						CreatedOnToolsVersion = 9.1;
						ProvisioningStyle = Automatic;
					};
				};
			};
			buildConfigurationList = B949B3DB1FDE91A500145BBC /* Build configuration list for PBXProject "AlertViewManager" */;
			compatibilityVersion = "Xcode 8.0";
			developmentRegion = en;
			hasScannedForEncodings = 0;
			knownRegions = (
				en,
				Base,
			);
			mainGroup = B949B3D71FDE91A500145BBC;
			productRefGroup = B949B3E11FDE91A600145BBC /* Products */;
			projectDirPath = "";
			projectRoot = "";
			targets = (
				B949B3DF1FDE91A600145BBC /* AlertViewManager */,
			);
		};
/* End PBXProject section */

/* Begin PBXResourcesBuildPhase section */
		B949B3DE1FDE91A600145BBC /* Resources */ = {
			isa = PBXResourcesBuildPhase;
			buildActionMask = 2147483647;
			files = (
				B949B3EE1FDE91A600145BBC /* LaunchScreen.storyboard in Resources */,
				B949B3EB1FDE91A600145BBC /* Assets.xcassets in Resources */,
				B949B3E91FDE91A600145BBC /* Main.storyboard in Resources */,
			);
			runOnlyForDeploymentPostprocessing = 0;
		};
/* End PBXResourcesBuildPhase section */

/* Begin PBXSourcesBuildPhase section */
		B949B3DC1FDE91A600145BBC /* Sources */ = {
			isa = PBXSourcesBuildPhase;
			buildActionMask = 2147483647;
			files = (
				B949B3F61FDE91DA00145BBC /* AlertViewManager.swift in Sources */,
				B949B3E61FDE91A600145BBC /* ViewController.swift in Sources */,
				B949B3E41FDE91A600145BBC /* AppDelegate.swift in Sources */,
			);
			runOnlyForDeploymentPostprocessing = 0;
		};
/* End PBXSourcesBuildPhase section */

/* Begin PBXVariantGroup section */
		B949B3E71FDE91A600145BBC /* Main.storyboard */ = {
			isa = PBXVariantGroup;
			children = (
				B949B3E81FDE91A600145BBC /* Base */,
			);
			name = Main.storyboard;
			sourceTree = "<group>";
		};
		B949B3EC1FDE91A600145BBC /* LaunchScreen.storyboard */ = {
			isa = PBXVariantGroup;
			children = (
				B949B3ED1FDE91A600145BBC /* Base */,
			);
			name = LaunchScreen.storyboard;
			sourceTree = "<group>";
		};
/* End PBXVariantGroup section */

/* Begin XCBuildConfiguration section */
		B949B3F01FDE91A600145BBC /* Debug */ = {
			isa = XCBuildConfiguration;
			buildSettings = {
				ALWAYS_SEARCH_USER_PATHS = NO;
				CLANG_ANALYZER_NONNULL = YES;
				CLANG_ANALYZER_NUMBER_OBJECT_CONVERSION = YES_AGGRESSIVE;
				CLANG_CXX_LANGUAGE_STANDARD = "gnu++14";
				CLANG_CXX_LIBRARY = "libc++";
				CLANG_ENABLE_MODULES = YES;
				CLANG_ENABLE_OBJC_ARC = YES;
				CLANG_WARN_BLOCK_CAPTURE_AUTORELEASING = YES;
				CLANG_WARN_BOOL_CONVERSION = YES;
				CLANG_WARN_COMMA = YES;
				CLANG_WARN_CONSTANT_CONVERSION = YES;
				CLANG_WARN_DIRECT_OBJC_ISA_USAGE = YES_ERROR;
				CLANG_WARN_DOCUMENTATION_COMMENTS = YES;
				CLANG_WARN_EMPTY_BODY = YES;
				CLANG_WARN_ENUM_CONVERSION = YES;
				CLANG_WARN_INFINITE_RECURSION = YES;
				CLANG_WARN_INT_CONVERSION = YES;
				CLANG_WARN_NON_LITERAL_NULL_CONVERSION = YES;
				CLANG_WARN_OBJC_LITERAL_CONVERSION = YES;
				CLANG_WARN_OBJC_ROOT_CLASS = YES_ERROR;
				CLANG_WARN_RANGE_LOOP_ANALYSIS = YES;
				CLANG_WARN_STRICT_PROTOTYPES = YES;
				CLANG_WARN_SUSPICIOUS_MOVE = YES;
				CLANG_WARN_UNGUARDED_AVAILABILITY = YES_AGGRESSIVE;
				CLANG_WARN_UNREACHABLE_CODE = YES;
				CLANG_WARN__DUPLICATE_METHOD_MATCH = YES;
				CODE_SIGN_IDENTITY = "iPhone Developer";
				COPY_PHASE_STRIP = NO;
				DEBUG_INFORMATION_FORMAT = dwarf;
				ENABLE_STRICT_OBJC_MSGSEND = YES;
				ENABLE_TESTABILITY = YES;
				GCC_C_LANGUAGE_STANDARD = gnu11;
				GCC_DYNAMIC_NO_PIC = NO;
				GCC_NO_COMMON_BLOCKS = YES;
				GCC_OPTIMIZATION_LEVEL = 0;
				GCC_PREPROCESSOR_DEFINITIONS = (
					"DEBUG=1",
					"$(inherited)",
				);
				GCC_WARN_64_TO_32_BIT_CONVERSION = YES;
				GCC_WARN_ABOUT_RETURN_TYPE = YES_ERROR;
				GCC_WARN_UNDECLARED_SELECTOR = YES;
				GCC_WARN_UNINITIALIZED_AUTOS = YES_AGGRESSIVE;
				GCC_WARN_UNUSED_FUNCTION = YES;
				GCC_WARN_UNUSED_VARIABLE = YES;
				IPHONEOS_DEPLOYMENT_TARGET = 11.1;
				MTL_ENABLE_DEBUG_INFO = YES;
				ONLY_ACTIVE_ARCH = YES;
				SDKROOT = iphoneos;
				SWIFT_ACTIVE_COMPILATION_CONDITIONS = DEBUG;
				SWIFT_OPTIMIZATION_LEVEL = "-Onone";
			};
			name = Debug;
		};
		B949B3F11FDE91A600145BBC /* Release */ = {
			isa = XCBuildConfiguration;
			buildSettings = {
				ALWAYS_SEARCH_USER_PATHS = NO;
				CLANG_ANALYZER_NONNULL = YES;
				CLANG_ANALYZER_NUMBER_OBJECT_CONVERSION = YES_AGGRESSIVE;
				CLANG_CXX_LANGUAGE_STANDARD = "gnu++14";
				CLANG_CXX_LIBRARY = "libc++";
				CLANG_ENABLE_MODULES = YES;
				CLANG_ENABLE_OBJC_ARC = YES;
				CLANG_WARN_BLOCK_CAPTURE_AUTORELEASING = YES;
				CLANG_WARN_BOOL_CONVERSION = YES;
				CLANG_WARN_COMMA = YES;
				CLANG_WARN_CONSTANT_CONVERSION = YES;
				CLANG_WARN_DIRECT_OBJC_ISA_USAGE = YES_ERROR;
				CLANG_WARN_DOCUMENTATION_COMMENTS = YES;
				CLANG_WARN_EMPTY_BODY = YES;
				CLANG_WARN_ENUM_CONVERSION = YES;
				CLANG_WARN_INFINITE_RECURSION = YES;
				CLANG_WARN_INT_CONVERSION = YES;
				CLANG_WARN_NON_LITERAL_NULL_CONVERSION = YES;
				CLANG_WARN_OBJC_LITERAL_CONVERSION = YES;
				CLANG_WARN_OBJC_ROOT_CLASS = YES_ERROR;
				CLANG_WARN_RANGE_LOOP_ANALYSIS = YES;
				CLANG_WARN_STRICT_PROTOTYPES = YES;
				CLANG_WARN_SUSPICIOUS_MOVE = YES;
				CLANG_WARN_UNGUARDED_AVAILABILITY = YES_AGGRESSIVE;
				CLANG_WARN_UNREACHABLE_CODE = YES;
				CLANG_WARN__DUPLICATE_METHOD_MATCH = YES;
				CODE_SIGN_IDENTITY = "iPhone Developer";
				COPY_PHASE_STRIP = NO;
				DEBUG_INFORMATION_FORMAT = "dwarf-with-dsym";
				ENABLE_NS_ASSERTIONS = NO;
				ENABLE_STRICT_OBJC_MSGSEND = YES;
				GCC_C_LANGUAGE_STANDARD = gnu11;
				GCC_NO_COMMON_BLOCKS = YES;
				GCC_WARN_64_TO_32_BIT_CONVERSION = YES;
				GCC_WARN_ABOUT_RETURN_TYPE = YES_ERROR;
				GCC_WARN_UNDECLARED_SELECTOR = YES;
				GCC_WARN_UNINITIALIZED_AUTOS = YES_AGGRESSIVE;
				GCC_WARN_UNUSED_FUNCTION = YES;
				GCC_WARN_UNUSED_VARIABLE = YES;
				IPHONEOS_DEPLOYMENT_TARGET = 11.1;
				MTL_ENABLE_DEBUG_INFO = NO;
				SDKROOT = iphoneos;
				SWIFT_OPTIMIZATION_LEVEL = "-Owholemodule";
				VALIDATE_PRODUCT = YES;
			};
			name = Release;
		};
		B949B3F31FDE91A600145BBC /* Debug */ = {
			isa = XCBuildConfiguration;
			buildSettings = {
				ASSETCATALOG_COMPILER_APPICON_NAME = AppIcon;
				CODE_SIGN_STYLE = Automatic;
				INFOPLIST_FILE = AlertViewManager/Info.plist;
				LD_RUNPATH_SEARCH_PATHS = "$(inherited) @executable_path/Frameworks";
				PRODUCT_BUNDLE_IDENTIFIER = sample.AlertViewManager;
				PRODUCT_NAME = "$(TARGET_NAME)";
				SWIFT_VERSION = 4.0;
				TARGETED_DEVICE_FAMILY = "1,2";
			};
			name = Debug;
		};
		B949B3F41FDE91A600145BBC /* Release */ = {
			isa = XCBuildConfiguration;
			buildSettings = {
				ASSETCATALOG_COMPILER_APPICON_NAME = AppIcon;
				CODE_SIGN_STYLE = Automatic;
				INFOPLIST_FILE = AlertViewManager/Info.plist;
				LD_RUNPATH_SEARCH_PATHS = "$(inherited) @executable_path/Frameworks";
				PRODUCT_BUNDLE_IDENTIFIER = sample.AlertViewManager;
				PRODUCT_NAME = "$(TARGET_NAME)";
				SWIFT_VERSION = 4.0;
				TARGETED_DEVICE_FAMILY = "1,2";
			};
			name = Release;
		};
/* End XCBuildConfiguration section */

/* Begin XCConfigurationList section */
		B949B3DB1FDE91A500145BBC /* Build configuration list for PBXProject "AlertViewManager" */ = {
			isa = XCConfigurationList;
			buildConfigurations = (
				B949B3F01FDE91A600145BBC /* Debug */,
				B949B3F11FDE91A600145BBC /* Release */,
			);
			defaultConfigurationIsVisible = 0;
			defaultConfigurationName = Release;
		};
		B949B3F21FDE91A600145BBC /* Build configuration list for PBXNativeTarget "AlertViewManager" */ = {
			isa = XCConfigurationList;
			buildConfigurations = (
				B949B3F31FDE91A600145BBC /* Debug */,
				B949B3F41FDE91A600145BBC /* Release */,
			);
			defaultConfigurationIsVisible = 0;
			defaultConfigurationName = Release;
		};
/* End XCConfigurationList section */
	};
	rootObject = B949B3D81FDE91A500145BBC /* Project object */;
}
